// !$*UTF8*$!
{
	archiveVersion = 1;
	classes = {
	};
	objectVersion = 46;
	objects = {

/* Begin PBXBuildFile section */
		56297E4E1DA878ED00258A58 /* AppDelegate.swift in Sources */ = {isa = PBXBuildFile; fileRef = 56297E4D1DA878ED00258A58 /* AppDelegate.swift */; };
		56297E501DA878ED00258A58 /* SignInVC.swift in Sources */ = {isa = PBXBuildFile; fileRef = 56297E4F1DA878ED00258A58 /* SignInVC.swift */; };
		56297E531DA878ED00258A58 /* Main.storyboard in Resources */ = {isa = PBXBuildFile; fileRef = 56297E511DA878ED00258A58 /* Main.storyboard */; };
		56297E551DA878ED00258A58 /* Assets.xcassets in Resources */ = {isa = PBXBuildFile; fileRef = 56297E541DA878ED00258A58 /* Assets.xcassets */; };
		56297E581DA878ED00258A58 /* LaunchScreen.storyboard in Resources */ = {isa = PBXBuildFile; fileRef = 56297E561DA878ED00258A58 /* LaunchScreen.storyboard */; };
		56297E601DA8798A00258A58 /* GoogleService-Info.plist in Resources */ = {isa = PBXBuildFile; fileRef = 56297E5F1DA8798A00258A58 /* GoogleService-Info.plist */; };
		56297E651DB0008200258A58 /* FancyView.swift in Sources */ = {isa = PBXBuildFile; fileRef = 56297E641DB0008200258A58 /* FancyView.swift */; };
		56297E681DB0014000258A58 /* Constants.swift in Sources */ = {isa = PBXBuildFile; fileRef = 56297E671DB0014000258A58 /* Constants.swift */; };
		56297E6A1DB004CD00258A58 /* RoundButton.swift in Sources */ = {isa = PBXBuildFile; fileRef = 56297E691DB004CD00258A58 /* RoundButton.swift */; };
		56297E6C1DB0068200258A58 /* FancyField.swift in Sources */ = {isa = PBXBuildFile; fileRef = 56297E6B1DB0068200258A58 /* FancyField.swift */; };
		56297E6E1DB007EC00258A58 /* FancyButton.swift in Sources */ = {isa = PBXBuildFile; fileRef = 56297E6D1DB007EC00258A58 /* FancyButton.swift */; };
		A37F759BC0BB1B34B79A3683 /* Pods_MyMoves.framework in Frameworks */ = {isa = PBXBuildFile; fileRef = 71A14F3069FC42190635CA41 /* Pods_MyMoves.framework */; };
/* End PBXBuildFile section */

/* Begin PBXFileReference section */
		56297E4A1DA878ED00258A58 /* MyMoves.app */ = {isa = PBXFileReference; explicitFileType = wrapper.application; includeInIndex = 0; path = MyMoves.app; sourceTree = BUILT_PRODUCTS_DIR; };
		56297E4D1DA878ED00258A58 /* AppDelegate.swift */ = {isa = PBXFileReference; lastKnownFileType = sourcecode.swift; path = AppDelegate.swift; sourceTree = "<group>"; };
		56297E4F1DA878ED00258A58 /* SignInVC.swift */ = {isa = PBXFileReference; lastKnownFileType = sourcecode.swift; path = SignInVC.swift; sourceTree = "<group>"; };
		56297E521DA878ED00258A58 /* Base */ = {isa = PBXFileReference; lastKnownFileType = file.storyboard; name = Base; path = Base.lproj/Main.storyboard; sourceTree = "<group>"; };
		56297E541DA878ED00258A58 /* Assets.xcassets */ = {isa = PBXFileReference; lastKnownFileType = folder.assetcatalog; path = Assets.xcassets; sourceTree = "<group>"; };
		56297E571DA878ED00258A58 /* Base */ = {isa = PBXFileReference; lastKnownFileType = file.storyboard; name = Base; path = Base.lproj/LaunchScreen.storyboard; sourceTree = "<group>"; };
		56297E591DA878ED00258A58 /* Info.plist */ = {isa = PBXFileReference; lastKnownFileType = text.plist.xml; path = Info.plist; sourceTree = "<group>"; };
		56297E5F1DA8798A00258A58 /* GoogleService-Info.plist */ = {isa = PBXFileReference; fileEncoding = 4; lastKnownFileType = text.plist.xml; path = "GoogleService-Info.plist"; sourceTree = "<group>"; };
		56297E641DB0008200258A58 /* FancyView.swift */ = {isa = PBXFileReference; fileEncoding = 4; lastKnownFileType = sourcecode.swift; path = FancyView.swift; sourceTree = "<group>"; };
		56297E671DB0014000258A58 /* Constants.swift */ = {isa = PBXFileReference; fileEncoding = 4; lastKnownFileType = sourcecode.swift; path = Constants.swift; sourceTree = "<group>"; };
		56297E691DB004CD00258A58 /* RoundButton.swift */ = {isa = PBXFileReference; fileEncoding = 4; lastKnownFileType = sourcecode.swift; path = RoundButton.swift; sourceTree = "<group>"; };
		56297E6B1DB0068200258A58 /* FancyField.swift */ = {isa = PBXFileReference; fileEncoding = 4; lastKnownFileType = sourcecode.swift; path = FancyField.swift; sourceTree = "<group>"; };
		56297E6D1DB007EC00258A58 /* FancyButton.swift */ = {isa = PBXFileReference; fileEncoding = 4; lastKnownFileType = sourcecode.swift; path = FancyButton.swift; sourceTree = "<group>"; };
		629E9BB867DB57F7E2F70D7A /* Pods-MyMoves.release.xcconfig */ = {isa = PBXFileReference; includeInIndex = 1; lastKnownFileType = text.xcconfig; name = "Pods-MyMoves.release.xcconfig"; path = "Pods/Target Support Files/Pods-MyMoves/Pods-MyMoves.release.xcconfig"; sourceTree = "<group>"; };
		71A14F3069FC42190635CA41 /* Pods_MyMoves.framework */ = {isa = PBXFileReference; explicitFileType = wrapper.framework; includeInIndex = 0; path = Pods_MyMoves.framework; sourceTree = BUILT_PRODUCTS_DIR; };
		9B652AF00C6F7085812009DC /* Pods-MyMoves.debug.xcconfig */ = {isa = PBXFileReference; includeInIndex = 1; lastKnownFileType = text.xcconfig; name = "Pods-MyMoves.debug.xcconfig"; path = "Pods/Target Support Files/Pods-MyMoves/Pods-MyMoves.debug.xcconfig"; sourceTree = "<group>"; };
/* End PBXFileReference section */

/* Begin PBXFrameworksBuildPhase section */
		56297E471DA878ED00258A58 /* Frameworks */ = {
			isa = PBXFrameworksBuildPhase;
			buildActionMask = 2147483647;
			files = (
				A37F759BC0BB1B34B79A3683 /* Pods_MyMoves.framework in Frameworks */,
			);
			runOnlyForDeploymentPostprocessing = 0;
		};
/* End PBXFrameworksBuildPhase section */

/* Begin PBXGroup section */
		147F2109C6D90DFC77B087D9 /* Frameworks */ = {
			isa = PBXGroup;
			children = (
				71A14F3069FC42190635CA41 /* Pods_MyMoves.framework */,
			);
			name = Frameworks;
			sourceTree = "<group>";
		};
		56297E411DA878EC00258A58 = {
			isa = PBXGroup;
			children = (
				56297E4C1DA878ED00258A58 /* MyMoves */,
				56297E4B1DA878ED00258A58 /* Products */,
				FF8331929C7672921E8430B0 /* Pods */,
				147F2109C6D90DFC77B087D9 /* Frameworks */,
			);
			sourceTree = "<group>";
		};
		56297E4B1DA878ED00258A58 /* Products */ = {
			isa = PBXGroup;
			children = (
				56297E4A1DA878ED00258A58 /* MyMoves.app */,
			);
			name = Products;
			sourceTree = "<group>";
		};
		56297E4C1DA878ED00258A58 /* MyMoves */ = {
			isa = PBXGroup;
			children = (
				56297E661DB0012E00258A58 /* Util */,
				56297E631DA87EF300258A58 /* Controller */,
				56297E621DA87EEB00258A58 /* View */,
				56297E611DA87EE300258A58 /* Model */,
				56297E4D1DA878ED00258A58 /* AppDelegate.swift */,
				56297E511DA878ED00258A58 /* Main.storyboard */,
				56297E541DA878ED00258A58 /* Assets.xcassets */,
				56297E561DA878ED00258A58 /* LaunchScreen.storyboard */,
				56297E591DA878ED00258A58 /* Info.plist */,
				56297E5F1DA8798A00258A58 /* GoogleService-Info.plist */,
			);
			path = MyMoves;
			sourceTree = "<group>";
		};
		56297E611DA87EE300258A58 /* Model */ = {
			isa = PBXGroup;
			children = (
			);
			name = Model;
			sourceTree = "<group>";
		};
		56297E621DA87EEB00258A58 /* View */ = {
			isa = PBXGroup;
			children = (
				56297E641DB0008200258A58 /* FancyView.swift */,
				56297E691DB004CD00258A58 /* RoundButton.swift */,
				56297E6B1DB0068200258A58 /* FancyField.swift */,
				56297E6D1DB007EC00258A58 /* FancyButton.swift */,
			);
			name = View;
			sourceTree = "<group>";
		};
		56297E631DA87EF300258A58 /* Controller */ = {
			isa = PBXGroup;
			children = (
				56297E4F1DA878ED00258A58 /* SignInVC.swift */,
			);
			name = Controller;
			sourceTree = "<group>";
		};
		56297E661DB0012E00258A58 /* Util */ = {
			isa = PBXGroup;
			children = (
				56297E671DB0014000258A58 /* Constants.swift */,
			);
			name = Util;
			sourceTree = "<group>";
		};
		FF8331929C7672921E8430B0 /* Pods */ = {
			isa = PBXGroup;
			children = (
				9B652AF00C6F7085812009DC /* Pods-MyMoves.debug.xcconfig */,
				629E9BB867DB57F7E2F70D7A /* Pods-MyMoves.release.xcconfig */,
			);
			name = Pods;
			sourceTree = "<group>";
		};
/* End PBXGroup section */

/* Begin PBXNativeTarget section */
		56297E491DA878ED00258A58 /* MyMoves */ = {
			isa = PBXNativeTarget;
			buildConfigurationList = 56297E5C1DA878ED00258A58 /* Build configuration list for PBXNativeTarget "MyMoves" */;
			buildPhases = (
				52415144E8FC70588A3940DD /* [CP] Check Pods Manifest.lock */,
				56297E461DA878ED00258A58 /* Sources */,
				56297E471DA878ED00258A58 /* Frameworks */,
				56297E481DA878ED00258A58 /* Resources */,
				370C16FCC4B15E08FBFFA78F /* [CP] Embed Pods Frameworks */,
				CF39784E7A7FA8DE20C75D33 /* [CP] Copy Pods Resources */,
			);
			buildRules = (
			);
			dependencies = (
			);
			name = MyMoves;
			productName = MyMoves;
			productReference = 56297E4A1DA878ED00258A58 /* MyMoves.app */;
			productType = "com.apple.product-type.application";
		};
/* End PBXNativeTarget section */

/* Begin PBXProject section */
		56297E421DA878EC00258A58 /* Project object */ = {
			isa = PBXProject;
			attributes = {
				LastSwiftUpdateCheck = 0800;
				LastUpgradeCheck = 0800;
				ORGANIZATIONNAME = "Travis Whitten";
				TargetAttributes = {
					56297E491DA878ED00258A58 = {
						CreatedOnToolsVersion = 8.0;
						DevelopmentTeam = 2PZ6TY2596;
						ProvisioningStyle = Automatic;
					};
				};
			};
			buildConfigurationList = 56297E451DA878EC00258A58 /* Build configuration list for PBXProject "MyMoves" */;
			compatibilityVersion = "Xcode 3.2";
			developmentRegion = English;
			hasScannedForEncodings = 0;
			knownRegions = (
				en,
				Base,
			);
			mainGroup = 56297E411DA878EC00258A58;
			productRefGroup = 56297E4B1DA878ED00258A58 /* Products */;
			projectDirPath = "";
			projectRoot = "";
			targets = (
				56297E491DA878ED00258A58 /* MyMoves */,
			);
		};
/* End PBXProject section */

/* Begin PBXResourcesBuildPhase section */
		56297E481DA878ED00258A58 /* Resources */ = {
			isa = PBXResourcesBuildPhase;
			buildActionMask = 2147483647;
			files = (
				56297E581DA878ED00258A58 /* LaunchScreen.storyboard in Resources */,
				56297E551DA878ED00258A58 /* Assets.xcassets in Resources */,
				56297E601DA8798A00258A58 /* GoogleService-Info.plist in Resources */,
				56297E531DA878ED00258A58 /* Main.storyboard in Resources */,
			);
			runOnlyForDeploymentPostprocessing = 0;
		};
/* End PBXResourcesBuildPhase section */

/* Begin PBXShellScriptBuildPhase section */
		370C16FCC4B15E08FBFFA78F /* [CP] Embed Pods Frameworks */ = {
			isa = PBXShellScriptBuildPhase;
			buildActionMask = 2147483647;
			files = (
			);
			inputPaths = (
			);
			name = "[CP] Embed Pods Frameworks";
			outputPaths = (
			);
			runOnlyForDeploymentPostprocessing = 0;
			shellPath = /bin/sh;
			shellScript = "\"${SRCROOT}/Pods/Target Support Files/Pods-MyMoves/Pods-MyMoves-frameworks.sh\"\n";
			showEnvVarsInLog = 0;
		};
		52415144E8FC70588A3940DD /* [CP] Check Pods Manifest.lock */ = {
			isa = PBXShellScriptBuildPhase;
			buildActionMask = 2147483647;
			files = (
			);
			inputPaths = (
			);
			name = "[CP] Check Pods Manifest.lock";
			outputPaths = (
			);
			runOnlyForDeploymentPostprocessing = 0;
			shellPath = /bin/sh;
			shellScript = "diff \"${PODS_ROOT}/../Podfile.lock\" \"${PODS_ROOT}/Manifest.lock\" > /dev/null\nif [[ $? != 0 ]] ; then\n    cat << EOM\nerror: The sandbox is not in sync with the Podfile.lock. Run 'pod install' or update your CocoaPods installation.\nEOM\n    exit 1\nfi\n";
			showEnvVarsInLog = 0;
		};
		CF39784E7A7FA8DE20C75D33 /* [CP] Copy Pods Resources */ = {
			isa = PBXShellScriptBuildPhase;
			buildActionMask = 2147483647;
			files = (
			);
			inputPaths = (
			);
			name = "[CP] Copy Pods Resources";
			outputPaths = (
			);
			runOnlyForDeploymentPostprocessing = 0;
			shellPath = /bin/sh;
			shellScript = "\"${SRCROOT}/Pods/Target Support Files/Pods-MyMoves/Pods-MyMoves-resources.sh\"\n";
			showEnvVarsInLog = 0;
		};
/* End PBXShellScriptBuildPhase section */

/* Begin PBXSourcesBuildPhase section */
		56297E461DA878ED00258A58 /* Sources */ = {
			isa = PBXSourcesBuildPhase;
			buildActionMask = 2147483647;
			files = (
				56297E6C1DB0068200258A58 /* FancyField.swift in Sources */,
				56297E501DA878ED00258A58 /* SignInVC.swift in Sources */,
				56297E6A1DB004CD00258A58 /* RoundButton.swift in Sources */,
				56297E6E1DB007EC00258A58 /* FancyButton.swift in Sources */,
				56297E4E1DA878ED00258A58 /* AppDelegate.swift in Sources */,
				56297E651DB0008200258A58 /* FancyView.swift in Sources */,
				56297E681DB0014000258A58 /* Constants.swift in Sources */,
			);
			runOnlyForDeploymentPostprocessing = 0;
		};
/* End PBXSourcesBuildPhase section */

/* Begin PBXVariantGroup section */
		56297E511DA878ED00258A58 /* Main.storyboard */ = {
			isa = PBXVariantGroup;
			children = (
				56297E521DA878ED00258A58 /* Base */,
			);
			name = Main.storyboard;
			sourceTree = "<group>";
		};
		56297E561DA878ED00258A58 /* LaunchScreen.storyboard */ = {
			isa = PBXVariantGroup;
			children = (
				56297E571DA878ED00258A58 /* Base */,
			);
			name = LaunchScreen.storyboard;
			sourceTree = "<group>";
		};
/* End PBXVariantGroup section */

/* Begin XCBuildConfiguration section */
		56297E5A1DA878ED00258A58 /* Debug */ = {
			isa = XCBuildConfiguration;
			buildSettings = {
				ALWAYS_SEARCH_USER_PATHS = NO;
				CLANG_ANALYZER_NONNULL = YES;
				CLANG_CXX_LANGUAGE_STANDARD = "gnu++0x";
				CLANG_CXX_LIBRARY = "libc++";
				CLANG_ENABLE_MODULES = YES;
				CLANG_ENABLE_OBJC_ARC = YES;
				CLANG_WARN_BOOL_CONVERSION = YES;
				CLANG_WARN_CONSTANT_CONVERSION = YES;
				CLANG_WARN_DIRECT_OBJC_ISA_USAGE = YES_ERROR;
				CLANG_WARN_DOCUMENTATION_COMMENTS = YES;
				CLANG_WARN_EMPTY_BODY = YES;
				CLANG_WARN_ENUM_CONVERSION = YES;
				CLANG_WARN_INFINITE_RECURSION = YES;
				CLANG_WARN_INT_CONVERSION = YES;
				CLANG_WARN_OBJC_ROOT_CLASS = YES_ERROR;
				CLANG_WARN_SUSPICIOUS_MOVES = YES;
				CLANG_WARN_UNREACHABLE_CODE = YES;
				CLANG_WARN__DUPLICATE_METHOD_MATCH = YES;
				"CODE_SIGN_IDENTITY[sdk=iphoneos*]" = "iPhone Developer";
				COPY_PHASE_STRIP = NO;
				DEBUG_INFORMATION_FORMAT = dwarf;
				ENABLE_STRICT_OBJC_MSGSEND = YES;
				ENABLE_TESTABILITY = YES;
				GCC_C_LANGUAGE_STANDARD = gnu99;
				GCC_DYNAMIC_NO_PIC = NO;
				GCC_NO_COMMON_BLOCKS = YES;
				GCC_OPTIMIZATION_LEVEL = 0;
				GCC_PREPROCESSOR_DEFINITIONS = (
					"DEBUG=1",
					"$(inherited)",
				);
				GCC_WARN_64_TO_32_BIT_CONVERSION = YES;
				GCC_WARN_ABOUT_RETURN_TYPE = YES_ERROR;
				GCC_WARN_UNDECLARED_SELECTOR = YES;
				GCC_WARN_UNINITIALIZED_AUTOS = YES_AGGRESSIVE;
				GCC_WARN_UNUSED_FUNCTION = YES;
				GCC_WARN_UNUSED_VARIABLE = YES;
				IPHONEOS_DEPLOYMENT_TARGET = 10.0;
				MTL_ENABLE_DEBUG_INFO = YES;
				ONLY_ACTIVE_ARCH = YES;
				SDKROOT = iphoneos;
				SWIFT_ACTIVE_COMPILATION_CONDITIONS = DEBUG;
				SWIFT_OPTIMIZATION_LEVEL = "-Onone";
				TARGETED_DEVICE_FAMILY = "1,2";
			};
			name = Debug;
		};
		56297E5B1DA878ED00258A58 /* Release */ = {
			isa = XCBuildConfiguration;
			buildSettings = {
				ALWAYS_SEARCH_USER_PATHS = NO;
				CLANG_ANALYZER_NONNULL = YES;
				CLANG_CXX_LANGUAGE_STANDARD = "gnu++0x";
				CLANG_CXX_LIBRARY = "libc++";
				CLANG_ENABLE_MODULES = YES;
				CLANG_ENABLE_OBJC_ARC = YES;
				CLANG_WARN_BOOL_CONVERSION = YES;
				CLANG_WARN_CONSTANT_CONVERSION = YES;
				CLANG_WARN_DIRECT_OBJC_ISA_USAGE = YES_ERROR;
				CLANG_WARN_DOCUMENTATION_COMMENTS = YES;
				CLANG_WARN_EMPTY_BODY = YES;
				CLANG_WARN_ENUM_CONVERSION = YES;
				CLANG_WARN_INFINITE_RECURSION = YES;
				CLANG_WARN_INT_CONVERSION = YES;
				CLANG_WARN_OBJC_ROOT_CLASS = YES_ERROR;
				CLANG_WARN_SUSPICIOUS_MOVES = YES;
				CLANG_WARN_UNREACHABLE_CODE = YES;
				CLANG_WARN__DUPLICATE_METHOD_MATCH = YES;
				"CODE_SIGN_IDENTITY[sdk=iphoneos*]" = "iPhone Developer";
				COPY_PHASE_STRIP = NO;
				DEBUG_INFORMATION_FORMAT = "dwarf-with-dsym";
				ENABLE_NS_ASSERTIONS = NO;
				ENABLE_STRICT_OBJC_MSGSEND = YES;
				GCC_C_LANGUAGE_STANDARD = gnu99;
				GCC_NO_COMMON_BLOCKS = YES;
				GCC_WARN_64_TO_32_BIT_CONVERSION = YES;
				GCC_WARN_ABOUT_RETURN_TYPE = YES_ERROR;
				GCC_WARN_UNDECLARED_SELECTOR = YES;
				GCC_WARN_UNINITIALIZED_AUTOS = YES_AGGRESSIVE;
				GCC_WARN_UNUSED_FUNCTION = YES;
				GCC_WARN_UNUSED_VARIABLE = YES;
				IPHONEOS_DEPLOYMENT_TARGET = 10.0;
				MTL_ENABLE_DEBUG_INFO = NO;
				SDKROOT = iphoneos;
				SWIFT_OPTIMIZATION_LEVEL = "-Owholemodule";
				TARGETED_DEVICE_FAMILY = "1,2";
				VALIDATE_PRODUCT = YES;
			};
			name = Release;
		};
		56297E5D1DA878ED00258A58 /* Debug */ = {
			isa = XCBuildConfiguration;
			baseConfigurationReference = 9B652AF00C6F7085812009DC /* Pods-MyMoves.debug.xcconfig */;
			buildSettings = {
				ASSETCATALOG_COMPILER_APPICON_NAME = AppIcon;
				DEVELOPMENT_TEAM = 2PZ6TY2596;
				INFOPLIST_FILE = MyMoves/Info.plist;
				LD_RUNPATH_SEARCH_PATHS = "$(inherited) @executable_path/Frameworks";
				PRODUCT_BUNDLE_IDENTIFIER = com.Renegade.MyMoves;
				PRODUCT_NAME = "$(TARGET_NAME)";
				SWIFT_VERSION = 3.0;
				TARGETED_DEVICE_FAMILY = 1;
			};
			name = Debug;
		};
		56297E5E1DA878ED00258A58 /* Release */ = {
			isa = XCBuildConfiguration;
			baseConfigurationReference = 629E9BB867DB57F7E2F70D7A /* Pods-MyMoves.release.xcconfig */;
			buildSettings = {
				ASSETCATALOG_COMPILER_APPICON_NAME = AppIcon;
				DEVELOPMENT_TEAM = 2PZ6TY2596;
				INFOPLIST_FILE = MyMoves/Info.plist;
				LD_RUNPATH_SEARCH_PATHS = "$(inherited) @executable_path/Frameworks";
				PRODUCT_BUNDLE_IDENTIFIER = com.Renegade.MyMoves;
				PRODUCT_NAME = "$(TARGET_NAME)";
				SWIFT_VERSION = 3.0;
				TARGETED_DEVICE_FAMILY = 1;
			};
			name = Release;
		};
/* End XCBuildConfiguration section */

/* Begin XCConfigurationList section */
		56297E451DA878EC00258A58 /* Build configuration list for PBXProject "MyMoves" */ = {
			isa = XCConfigurationList;
			buildConfigurations = (
				56297E5A1DA878ED00258A58 /* Debug */,
				56297E5B1DA878ED00258A58 /* Release */,
			);
			defaultConfigurationIsVisible = 0;
			defaultConfigurationName = Release;
		};
		56297E5C1DA878ED00258A58 /* Build configuration list for PBXNativeTarget "MyMoves" */ = {
			isa = XCConfigurationList;
			buildConfigurations = (
				56297E5D1DA878ED00258A58 /* Debug */,
				56297E5E1DA878ED00258A58 /* Release */,
			);
			defaultConfigurationIsVisible = 0;
			defaultConfigurationName = Release;
		};
/* End XCConfigurationList section */
	};
	rootObject = 56297E421DA878EC00258A58 /* Project object */;
}
